
Microsoft Visual Studio Solution File, Format Version 12.00
# Visual Studio Version 16
VisualStudioVersion = 16.0.30204.135
MinimumVisualStudioVersion = 10.0.40219.1
Project("{FAE04EC0-301F-11D3-BF4B-00C04F79EFBC}") = "BugFox", "BugFox\BugFox.csproj", "{FDE55BEA-D809-49BA-BDE7-8DF4A73C6EFA}"
EndProject
Global
	GlobalSection(SolutionConfigurationPlatforms) = preSolution
		Debug|Any CPU = Debug|Any CPU
		Release|Any CPU = Release|Any CPU
	EndGlobalSection
	GlobalSection(ProjectConfigurationPlatforms) = postSolution
		{FDE55BEA-D809-49BA-BDE7-8DF4A73C6EFA}.Debug|Any CPU.ActiveCfg = Debug|Any CPU
		{FDE55BEA-D809-49BA-BDE7-8DF4A73C6EFA}.Debug|Any CPU.Build.0 = Debug|Any CPU
		{FDE55BEA-D809-49BA-BDE7-8DF4A73C6EFA}.Release|Any CPU.ActiveCfg = Release|Any CPU
		{FDE55BEA-D809-49BA-BDE7-8DF4A73C6EFA}.Release|Any CPU.Build.0 = Release|Any CPU
	EndGlobalSection
	GlobalSection(SolutionProperties) = preSolution
		HideSolutionNode = FALSE
	EndGlobalSection
	GlobalSection(ExtensibilityGlobals) = postSolution
		SolutionGuid = {C72070DA-0618-418E-857A-67D9AE44AD12}
	EndGlobalSection
EndGlobal
